
Microsoft Visual Studio Solution File, Format Version 12.00
# Visual Studio 14
VisualStudioVersion = 14.0.23107.0
MinimumVisualStudioVersion = 10.0.40219.1
Project("{FAE04EC0-301F-11D3-BF4B-00C04F79EFBC}") = "ITVDN_ADO.NET_Task8", "ITVDN_ADO.NET_Task8\ITVDN_ADO.NET_Task8.csproj", "{B1F7D91A-8AAA-4006-9F5F-55ECEFAFB4E8}"
EndProject
Global
	GlobalSection(SolutionConfigurationPlatforms) = preSolution
		Debug|Any CPU = Debug|Any CPU
		Release|Any CPU = Release|Any CPU
	EndGlobalSection
	GlobalSection(ProjectConfigurationPlatforms) = postSolution
		{B1F7D91A-8AAA-4006-9F5F-55ECEFAFB4E8}.Debug|Any CPU.ActiveCfg = Debug|Any CPU
		{B1F7D91A-8AAA-4006-9F5F-55ECEFAFB4E8}.Debug|Any CPU.Build.0 = Debug|Any CPU
		{B1F7D91A-8AAA-4006-9F5F-55ECEFAFB4E8}.Release|Any CPU.ActiveCfg = Release|Any CPU
		{B1F7D91A-8AAA-4006-9F5F-55ECEFAFB4E8}.Release|Any CPU.Build.0 = Release|Any CPU
	EndGlobalSection
	GlobalSection(SolutionProperties) = preSolution
		HideSolutionNode = FALSE
	EndGlobalSection
EndGlobal
