
Microsoft Visual Studio Solution File, Format Version 12.00
# Visual Studio 14
VisualStudioVersion = 14.0.24720.0
MinimumVisualStudioVersion = 10.0.40219.1
Project("{FAE04EC0-301F-11D3-BF4B-00C04F79EFBC}") = "ContractLibrary", "WCF_DuplexChannel\ContractLibrary.csproj", "{1742BA23-B1B9-4B18-AECE-2382B7EB39AE}"
EndProject
Project("{FAE04EC0-301F-11D3-BF4B-00C04F79EFBC}") = "Server", "Server\Server.csproj", "{1F39CD21-A400-4E1C-839C-DA86D4D7857E}"
EndProject
Project("{FAE04EC0-301F-11D3-BF4B-00C04F79EFBC}") = "Client", "Client\Client.csproj", "{3D50832E-03A9-4F00-B460-40EF12ECDD78}"
EndProject
Global
	GlobalSection(SolutionConfigurationPlatforms) = preSolution
		Debug|Any CPU = Debug|Any CPU
		Release|Any CPU = Release|Any CPU
	EndGlobalSection
	GlobalSection(ProjectConfigurationPlatforms) = postSolution
		{1742BA23-B1B9-4B18-AECE-2382B7EB39AE}.Debug|Any CPU.ActiveCfg = Debug|Any CPU
		{1742BA23-B1B9-4B18-AECE-2382B7EB39AE}.Debug|Any CPU.Build.0 = Debug|Any CPU
		{1742BA23-B1B9-4B18-AECE-2382B7EB39AE}.Release|Any CPU.ActiveCfg = Release|Any CPU
		{1742BA23-B1B9-4B18-AECE-2382B7EB39AE}.Release|Any CPU.Build.0 = Release|Any CPU
		{1F39CD21-A400-4E1C-839C-DA86D4D7857E}.Debug|Any CPU.ActiveCfg = Debug|Any CPU
		{1F39CD21-A400-4E1C-839C-DA86D4D7857E}.Debug|Any CPU.Build.0 = Debug|Any CPU
		{1F39CD21-A400-4E1C-839C-DA86D4D7857E}.Release|Any CPU.ActiveCfg = Release|Any CPU
		{1F39CD21-A400-4E1C-839C-DA86D4D7857E}.Release|Any CPU.Build.0 = Release|Any CPU
		{3D50832E-03A9-4F00-B460-40EF12ECDD78}.Debug|Any CPU.ActiveCfg = Debug|Any CPU
		{3D50832E-03A9-4F00-B460-40EF12ECDD78}.Debug|Any CPU.Build.0 = Debug|Any CPU
		{3D50832E-03A9-4F00-B460-40EF12ECDD78}.Release|Any CPU.ActiveCfg = Release|Any CPU
		{3D50832E-03A9-4F00-B460-40EF12ECDD78}.Release|Any CPU.Build.0 = Release|Any CPU
	EndGlobalSection
	GlobalSection(SolutionProperties) = preSolution
		HideSolutionNode = FALSE
	EndGlobalSection
EndGlobal
